// !$*UTF8*$!
{
	archiveVersion = 1;
	classes = {
	};
	objectVersion = 56;
	objects = {

/* Begin PBXBuildFile section */
		339A0FF129D3E5D100B4DD98 /* GoogleService-Info.plist in Resources */ = {isa = PBXBuildFile; fileRef = 339A0FF029D3E5D100B4DD98 /* GoogleService-Info.plist */; };
		339A0FF429D3E61E00B4DD98 /* GoogleSignIn in Frameworks */ = {isa = PBXBuildFile; productRef = 339A0FF329D3E61E00B4DD98 /* GoogleSignIn */; };
		339A0FF629D3E61E00B4DD98 /* GoogleSignInSwift in Frameworks */ = {isa = PBXBuildFile; productRef = 339A0FF529D3E61E00B4DD98 /* GoogleSignInSwift */; };
		339A0FF929D3E67800B4DD98 /* FirebaseAuth in Frameworks */ = {isa = PBXBuildFile; productRef = 339A0FF829D3E67800B4DD98 /* FirebaseAuth */; };
		339A0FFB29D3E67800B4DD98 /* FirebaseFirestore in Frameworks */ = {isa = PBXBuildFile; productRef = 339A0FFA29D3E67800B4DD98 /* FirebaseFirestore */; };
		339A0FFD29D3E67800B4DD98 /* FirebaseFirestoreSwift in Frameworks */ = {isa = PBXBuildFile; productRef = 339A0FFC29D3E67800B4DD98 /* FirebaseFirestoreSwift */; };
		339A0FFF29D3E67800B4DD98 /* FirebaseStorage in Frameworks */ = {isa = PBXBuildFile; productRef = 339A0FFE29D3E67800B4DD98 /* FirebaseStorage */; };
		339A101229D3E9C100B4DD98 /* LoginViewModel.swift in Sources */ = {isa = PBXBuildFile; fileRef = 339A101129D3E9C000B4DD98 /* LoginViewModel.swift */; };
		339A101529D3E9F400B4DD98 /* Login.swift in Sources */ = {isa = PBXBuildFile; fileRef = 339A101429D3E9F400B4DD98 /* Login.swift */; };
		339A101829D3EAE500B4DD98 /* User.swift in Sources */ = {isa = PBXBuildFile; fileRef = 339A101729D3EAE500B4DD98 /* User.swift */; };
		339A101C29D3EBBF00B4DD98 /* ViewExtensions.swift in Sources */ = {isa = PBXBuildFile; fileRef = 339A101A29D3EBBE00B4DD98 /* ViewExtensions.swift */; };
		339A101D29D3EBBF00B4DD98 /* LoadingView.swift in Sources */ = {isa = PBXBuildFile; fileRef = 339A101B29D3EBBE00B4DD98 /* LoadingView.swift */; };
		339A102329D4093800B4DD98 /* ReusableProfileContent.swift in Sources */ = {isa = PBXBuildFile; fileRef = 339A102229D4093800B4DD98 /* ReusableProfileContent.swift */; };
		339A102629D4098400B4DD98 /* SDWebImageSwiftUI in Frameworks */ = {isa = PBXBuildFile; productRef = 339A102529D4098400B4DD98 /* SDWebImageSwiftUI */; };
		33ADB13829D6610900352451 /* Meeting.swift in Sources */ = {isa = PBXBuildFile; fileRef = 33ADB13729D6610900352451 /* Meeting.swift */; };
		33ADB13A29D666A500352451 /* ReusableMeetingsView.swift in Sources */ = {isa = PBXBuildFile; fileRef = 33ADB13929D666A500352451 /* ReusableMeetingsView.swift */; };
		33ADB13C29D667E500352451 /* MeetingCardView.swift in Sources */ = {isa = PBXBuildFile; fileRef = 33ADB13B29D667E500352451 /* MeetingCardView.swift */; };
		33ADB14029D673AB00352451 /* MapViewModel2.swift in Sources */ = {isa = PBXBuildFile; fileRef = 33ADB13F29D673AB00352451 /* MapViewModel2.swift */; };
		425050EA29D07096009926FF /* Location.swift in Sources */ = {isa = PBXBuildFile; fileRef = 425050E929D07096009926FF /* Location.swift */; };
		429515CF29C4A744006DD4B3 /* GatherUpApp.swift in Sources */ = {isa = PBXBuildFile; fileRef = 429515CE29C4A744006DD4B3 /* GatherUpApp.swift */; };
		429515D129C4A744006DD4B3 /* ContentView.swift in Sources */ = {isa = PBXBuildFile; fileRef = 429515D029C4A744006DD4B3 /* ContentView.swift */; };
		429515D329C4A746006DD4B3 /* Assets.xcassets in Resources */ = {isa = PBXBuildFile; fileRef = 429515D229C4A746006DD4B3 /* Assets.xcassets */; };
		429515D629C4A746006DD4B3 /* Preview Assets.xcassets in Resources */ = {isa = PBXBuildFile; fileRef = 429515D529C4A746006DD4B3 /* Preview Assets.xcassets */; };
		429515DD29C4A766006DD4B3 /* MapView.swift in Sources */ = {isa = PBXBuildFile; fileRef = 429515DC29C4A766006DD4B3 /* MapView.swift */; };
		429515DF29C4A776006DD4B3 /* ProfileView.swift in Sources */ = {isa = PBXBuildFile; fileRef = 429515DE29C4A776006DD4B3 /* ProfileView.swift */; };
		429515E129C4A9AD006DD4B3 /* MeetingsView.swift in Sources */ = {isa = PBXBuildFile; fileRef = 429515E029C4A9AD006DD4B3 /* MeetingsView.swift */; };
/* End PBXBuildFile section */

/* Begin PBXFileReference section */
		339A0FF029D3E5D100B4DD98 /* GoogleService-Info.plist */ = {isa = PBXFileReference; fileEncoding = 4; lastKnownFileType = text.plist.xml; path = "GoogleService-Info.plist"; sourceTree = "<group>"; };
		339A101129D3E9C000B4DD98 /* LoginViewModel.swift */ = {isa = PBXFileReference; fileEncoding = 4; lastKnownFileType = sourcecode.swift; path = LoginViewModel.swift; sourceTree = "<group>"; };
		339A101429D3E9F400B4DD98 /* Login.swift */ = {isa = PBXFileReference; fileEncoding = 4; lastKnownFileType = sourcecode.swift; path = Login.swift; sourceTree = "<group>"; };
		339A101729D3EAE500B4DD98 /* User.swift */ = {isa = PBXFileReference; fileEncoding = 4; lastKnownFileType = sourcecode.swift; path = User.swift; sourceTree = "<group>"; };
		339A101A29D3EBBE00B4DD98 /* ViewExtensions.swift */ = {isa = PBXFileReference; fileEncoding = 4; lastKnownFileType = sourcecode.swift; path = ViewExtensions.swift; sourceTree = "<group>"; };
		339A101B29D3EBBE00B4DD98 /* LoadingView.swift */ = {isa = PBXFileReference; fileEncoding = 4; lastKnownFileType = sourcecode.swift; path = LoadingView.swift; sourceTree = "<group>"; };
		339A102229D4093800B4DD98 /* ReusableProfileContent.swift */ = {isa = PBXFileReference; fileEncoding = 4; lastKnownFileType = sourcecode.swift; path = ReusableProfileContent.swift; sourceTree = "<group>"; };
		33ADB13729D6610900352451 /* Meeting.swift */ = {isa = PBXFileReference; lastKnownFileType = sourcecode.swift; path = Meeting.swift; sourceTree = "<group>"; };
		33ADB13929D666A500352451 /* ReusableMeetingsView.swift */ = {isa = PBXFileReference; lastKnownFileType = sourcecode.swift; path = ReusableMeetingsView.swift; sourceTree = "<group>"; };
		33ADB13B29D667E500352451 /* MeetingCardView.swift */ = {isa = PBXFileReference; lastKnownFileType = sourcecode.swift; path = MeetingCardView.swift; sourceTree = "<group>"; };
		33ADB13F29D673AB00352451 /* MapViewModel2.swift */ = {isa = PBXFileReference; lastKnownFileType = sourcecode.swift; path = MapViewModel2.swift; sourceTree = "<group>"; };
		425050E929D07096009926FF /* Location.swift */ = {isa = PBXFileReference; lastKnownFileType = sourcecode.swift; path = Location.swift; sourceTree = "<group>"; };
		429515CB29C4A744006DD4B3 /* GatherUp.app */ = {isa = PBXFileReference; explicitFileType = wrapper.application; includeInIndex = 0; path = GatherUp.app; sourceTree = BUILT_PRODUCTS_DIR; };
		429515CE29C4A744006DD4B3 /* GatherUpApp.swift */ = {isa = PBXFileReference; lastKnownFileType = sourcecode.swift; path = GatherUpApp.swift; sourceTree = "<group>"; };
		429515D029C4A744006DD4B3 /* ContentView.swift */ = {isa = PBXFileReference; lastKnownFileType = sourcecode.swift; path = ContentView.swift; sourceTree = "<group>"; };
		429515D229C4A746006DD4B3 /* Assets.xcassets */ = {isa = PBXFileReference; lastKnownFileType = folder.assetcatalog; path = Assets.xcassets; sourceTree = "<group>"; };
		429515D529C4A746006DD4B3 /* Preview Assets.xcassets */ = {isa = PBXFileReference; lastKnownFileType = folder.assetcatalog; path = "Preview Assets.xcassets"; sourceTree = "<group>"; };
		429515DC29C4A766006DD4B3 /* MapView.swift */ = {isa = PBXFileReference; lastKnownFileType = sourcecode.swift; path = MapView.swift; sourceTree = "<group>"; };
		429515DE29C4A776006DD4B3 /* ProfileView.swift */ = {isa = PBXFileReference; lastKnownFileType = sourcecode.swift; path = ProfileView.swift; sourceTree = "<group>"; };
		429515E029C4A9AD006DD4B3 /* MeetingsView.swift */ = {isa = PBXFileReference; lastKnownFileType = sourcecode.swift; path = MeetingsView.swift; sourceTree = "<group>"; };
/* End PBXFileReference section */

/* Begin PBXFrameworksBuildPhase section */
		429515C829C4A744006DD4B3 /* Frameworks */ = {
			isa = PBXFrameworksBuildPhase;
			buildActionMask = 2147483647;
			files = (
				339A102629D4098400B4DD98 /* SDWebImageSwiftUI in Frameworks */,
				339A0FFD29D3E67800B4DD98 /* FirebaseFirestoreSwift in Frameworks */,
				339A0FF429D3E61E00B4DD98 /* GoogleSignIn in Frameworks */,
				339A0FFB29D3E67800B4DD98 /* FirebaseFirestore in Frameworks */,
				339A0FF929D3E67800B4DD98 /* FirebaseAuth in Frameworks */,
				339A0FF629D3E61E00B4DD98 /* GoogleSignInSwift in Frameworks */,
				339A0FFF29D3E67800B4DD98 /* FirebaseStorage in Frameworks */,
			);
			runOnlyForDeploymentPostprocessing = 0;
		};
/* End PBXFrameworksBuildPhase section */

/* Begin PBXGroup section */
		339A101029D3E9C000B4DD98 /* ViewModel */ = {
			isa = PBXGroup;
			children = (
				33ADB14329D6746E00352451 /* SubViewModel */,
				339A101129D3E9C000B4DD98 /* LoginViewModel.swift */,
				33ADB13F29D673AB00352451 /* MapViewModel2.swift */,
			);
			path = ViewModel;
			sourceTree = "<group>";
		};
		339A101329D3E9E900B4DD98 /* View */ = {
			isa = PBXGroup;
			children = (
				33ADB13629D6604A00352451 /* Map */,
				33ADB13529D6602600352451 /* Profile */,
				33ADB13429D6601800352451 /* Meeting */,
				339A101929D3EBBE00B4DD98 /* SubView */,
				339A101429D3E9F400B4DD98 /* Login.swift */,
			);
			path = View;
			sourceTree = "<group>";
		};
		339A101629D3EA0600B4DD98 /* Model */ = {
			isa = PBXGroup;
			children = (
				339A101729D3EAE500B4DD98 /* User.swift */,
				425050E929D07096009926FF /* Location.swift */,
				33ADB13729D6610900352451 /* Meeting.swift */,
			);
			path = Model;
			sourceTree = "<group>";
		};
		339A101929D3EBBE00B4DD98 /* SubView */ = {
			isa = PBXGroup;
			children = (
				339A101A29D3EBBE00B4DD98 /* ViewExtensions.swift */,
				339A101B29D3EBBE00B4DD98 /* LoadingView.swift */,
			);
			path = SubView;
			sourceTree = "<group>";
		};
		33ADB13429D6601800352451 /* Meeting */ = {
			isa = PBXGroup;
			children = (
				429515E029C4A9AD006DD4B3 /* MeetingsView.swift */,
				33ADB13929D666A500352451 /* ReusableMeetingsView.swift */,
				33ADB13B29D667E500352451 /* MeetingCardView.swift */,
			);
			path = Meeting;
			sourceTree = "<group>";
		};
		33ADB13529D6602600352451 /* Profile */ = {
			isa = PBXGroup;
			children = (
				429515DE29C4A776006DD4B3 /* ProfileView.swift */,
				339A102229D4093800B4DD98 /* ReusableProfileContent.swift */,
			);
			path = Profile;
			sourceTree = "<group>";
		};
		33ADB13629D6604A00352451 /* Map */ = {
			isa = PBXGroup;
			children = (
				429515DC29C4A766006DD4B3 /* MapView.swift */,
			);
			path = Map;
			sourceTree = "<group>";
		};
		33ADB14329D6746E00352451 /* SubViewModel */ = {
			isa = PBXGroup;
			children = (
			);
			path = SubViewModel;
			sourceTree = "<group>";
		};
		429515C229C4A744006DD4B3 = {
			isa = PBXGroup;
			children = (
				429515CD29C4A744006DD4B3 /* GatherUp */,
				429515CC29C4A744006DD4B3 /* Products */,
			);
			sourceTree = "<group>";
		};
		429515CC29C4A744006DD4B3 /* Products */ = {
			isa = PBXGroup;
			children = (
				429515CB29C4A744006DD4B3 /* GatherUp.app */,
			);
			name = Products;
			sourceTree = "<group>";
		};
		429515CD29C4A744006DD4B3 /* GatherUp */ = {
			isa = PBXGroup;
			children = (
				339A101629D3EA0600B4DD98 /* Model */,
				339A101329D3E9E900B4DD98 /* View */,
				339A101029D3E9C000B4DD98 /* ViewModel */,
				339A0FF029D3E5D100B4DD98 /* GoogleService-Info.plist */,
				429515CE29C4A744006DD4B3 /* GatherUpApp.swift */,
				429515D029C4A744006DD4B3 /* ContentView.swift */,
				429515D229C4A746006DD4B3 /* Assets.xcassets */,
				429515D429C4A746006DD4B3 /* Preview Content */,
			);
			path = GatherUp;
			sourceTree = "<group>";
		};
		429515D429C4A746006DD4B3 /* Preview Content */ = {
			isa = PBXGroup;
			children = (
				429515D529C4A746006DD4B3 /* Preview Assets.xcassets */,
			);
			path = "Preview Content";
			sourceTree = "<group>";
		};
/* End PBXGroup section */

/* Begin PBXNativeTarget section */
		429515CA29C4A744006DD4B3 /* GatherUp */ = {
			isa = PBXNativeTarget;
			buildConfigurationList = 429515D929C4A746006DD4B3 /* Build configuration list for PBXNativeTarget "GatherUp" */;
			buildPhases = (
				429515C729C4A744006DD4B3 /* Sources */,
				429515C829C4A744006DD4B3 /* Frameworks */,
				429515C929C4A744006DD4B3 /* Resources */,
			);
			buildRules = (
			);
			dependencies = (
			);
			name = GatherUp;
			packageProductDependencies = (
				339A0FF329D3E61E00B4DD98 /* GoogleSignIn */,
				339A0FF529D3E61E00B4DD98 /* GoogleSignInSwift */,
				339A0FF829D3E67800B4DD98 /* FirebaseAuth */,
				339A0FFA29D3E67800B4DD98 /* FirebaseFirestore */,
				339A0FFC29D3E67800B4DD98 /* FirebaseFirestoreSwift */,
				339A0FFE29D3E67800B4DD98 /* FirebaseStorage */,
				339A102529D4098400B4DD98 /* SDWebImageSwiftUI */,
			);
			productName = GatherUp;
			productReference = 429515CB29C4A744006DD4B3 /* GatherUp.app */;
			productType = "com.apple.product-type.application";
		};
/* End PBXNativeTarget section */

/* Begin PBXProject section */
		429515C329C4A744006DD4B3 /* Project object */ = {
			isa = PBXProject;
			attributes = {
				BuildIndependentTargetsInParallel = 1;
				LastSwiftUpdateCheck = 1420;
				LastUpgradeCheck = 1420;
				TargetAttributes = {
					429515CA29C4A744006DD4B3 = {
						CreatedOnToolsVersion = 14.2;
					};
				};
			};
			buildConfigurationList = 429515C629C4A744006DD4B3 /* Build configuration list for PBXProject "GatherUp" */;
			compatibilityVersion = "Xcode 14.0";
			developmentRegion = en;
			hasScannedForEncodings = 0;
			knownRegions = (
				en,
				Base,
			);
			mainGroup = 429515C229C4A744006DD4B3;
			packageReferences = (
				339A0FF229D3E61E00B4DD98 /* XCRemoteSwiftPackageReference "GoogleSignIn-iOS" */,
				339A0FF729D3E67800B4DD98 /* XCRemoteSwiftPackageReference "firebase-ios-sdk" */,
				339A102429D4098400B4DD98 /* XCRemoteSwiftPackageReference "SDWebImageSwiftUI" */,
			);
			productRefGroup = 429515CC29C4A744006DD4B3 /* Products */;
			projectDirPath = "";
			projectRoot = "";
			targets = (
				429515CA29C4A744006DD4B3 /* GatherUp */,
			);
		};
/* End PBXProject section */

/* Begin PBXResourcesBuildPhase section */
		429515C929C4A744006DD4B3 /* Resources */ = {
			isa = PBXResourcesBuildPhase;
			buildActionMask = 2147483647;
			files = (
				429515D629C4A746006DD4B3 /* Preview Assets.xcassets in Resources */,
				429515D329C4A746006DD4B3 /* Assets.xcassets in Resources */,
				339A0FF129D3E5D100B4DD98 /* GoogleService-Info.plist in Resources */,
			);
			runOnlyForDeploymentPostprocessing = 0;
		};
/* End PBXResourcesBuildPhase section */

/* Begin PBXSourcesBuildPhase section */
		429515C729C4A744006DD4B3 /* Sources */ = {
			isa = PBXSourcesBuildPhase;
			buildActionMask = 2147483647;
			files = (
				339A101829D3EAE500B4DD98 /* User.swift in Sources */,
				429515DF29C4A776006DD4B3 /* ProfileView.swift in Sources */,
				33ADB13829D6610900352451 /* Meeting.swift in Sources */,
				33ADB13A29D666A500352451 /* ReusableMeetingsView.swift in Sources */,
				339A101229D3E9C100B4DD98 /* LoginViewModel.swift in Sources */,
				339A101529D3E9F400B4DD98 /* Login.swift in Sources */,
				429515D129C4A744006DD4B3 /* ContentView.swift in Sources */,
				33ADB13C29D667E500352451 /* MeetingCardView.swift in Sources */,
				429515DD29C4A766006DD4B3 /* MapView.swift in Sources */,
				33ADB14029D673AB00352451 /* MapViewModel2.swift in Sources */,
				339A101D29D3EBBF00B4DD98 /* LoadingView.swift in Sources */,
				339A101C29D3EBBF00B4DD98 /* ViewExtensions.swift in Sources */,
				429515CF29C4A744006DD4B3 /* GatherUpApp.swift in Sources */,
				425050EA29D07096009926FF /* Location.swift in Sources */,
				339A102329D4093800B4DD98 /* ReusableProfileContent.swift in Sources */,
				429515E129C4A9AD006DD4B3 /* MeetingsView.swift in Sources */,
			);
			runOnlyForDeploymentPostprocessing = 0;
		};
/* End PBXSourcesBuildPhase section */

/* Begin XCBuildConfiguration section */
		429515D729C4A746006DD4B3 /* Debug */ = {
			isa = XCBuildConfiguration;
			buildSettings = {
				ALWAYS_SEARCH_USER_PATHS = NO;
				CLANG_ANALYZER_NONNULL = YES;
				CLANG_ANALYZER_NUMBER_OBJECT_CONVERSION = YES_AGGRESSIVE;
				CLANG_CXX_LANGUAGE_STANDARD = "gnu++20";
				CLANG_ENABLE_MODULES = YES;
				CLANG_ENABLE_OBJC_ARC = YES;
				CLANG_ENABLE_OBJC_WEAK = YES;
				CLANG_WARN_BLOCK_CAPTURE_AUTORELEASING = YES;
				CLANG_WARN_BOOL_CONVERSION = YES;
				CLANG_WARN_COMMA = YES;
				CLANG_WARN_CONSTANT_CONVERSION = YES;
				CLANG_WARN_DEPRECATED_OBJC_IMPLEMENTATIONS = YES;
				CLANG_WARN_DIRECT_OBJC_ISA_USAGE = YES_ERROR;
				CLANG_WARN_DOCUMENTATION_COMMENTS = YES;
				CLANG_WARN_EMPTY_BODY = YES;
				CLANG_WARN_ENUM_CONVERSION = YES;
				CLANG_WARN_INFINITE_RECURSION = YES;
				CLANG_WARN_INT_CONVERSION = YES;
				CLANG_WARN_NON_LITERAL_NULL_CONVERSION = YES;
				CLANG_WARN_OBJC_IMPLICIT_RETAIN_SELF = YES;
				CLANG_WARN_OBJC_LITERAL_CONVERSION = YES;
				CLANG_WARN_OBJC_ROOT_CLASS = YES_ERROR;
				CLANG_WARN_QUOTED_INCLUDE_IN_FRAMEWORK_HEADER = YES;
				CLANG_WARN_RANGE_LOOP_ANALYSIS = YES;
				CLANG_WARN_STRICT_PROTOTYPES = YES;
				CLANG_WARN_SUSPICIOUS_MOVE = YES;
				CLANG_WARN_UNGUARDED_AVAILABILITY = YES_AGGRESSIVE;
				CLANG_WARN_UNREACHABLE_CODE = YES;
				CLANG_WARN__DUPLICATE_METHOD_MATCH = YES;
				COPY_PHASE_STRIP = NO;
				DEBUG_INFORMATION_FORMAT = dwarf;
				ENABLE_STRICT_OBJC_MSGSEND = YES;
				ENABLE_TESTABILITY = YES;
				GCC_C_LANGUAGE_STANDARD = gnu11;
				GCC_DYNAMIC_NO_PIC = NO;
				GCC_NO_COMMON_BLOCKS = YES;
				GCC_OPTIMIZATION_LEVEL = 0;
				GCC_PREPROCESSOR_DEFINITIONS = (
					"DEBUG=1",
					"$(inherited)",
				);
				GCC_WARN_64_TO_32_BIT_CONVERSION = YES;
				GCC_WARN_ABOUT_RETURN_TYPE = YES_ERROR;
				GCC_WARN_UNDECLARED_SELECTOR = YES;
				GCC_WARN_UNINITIALIZED_AUTOS = YES_AGGRESSIVE;
				GCC_WARN_UNUSED_FUNCTION = YES;
				GCC_WARN_UNUSED_VARIABLE = YES;
				IPHONEOS_DEPLOYMENT_TARGET = 16.2;
				MTL_ENABLE_DEBUG_INFO = INCLUDE_SOURCE;
				MTL_FAST_MATH = YES;
				ONLY_ACTIVE_ARCH = YES;
				SDKROOT = iphoneos;
				SWIFT_ACTIVE_COMPILATION_CONDITIONS = DEBUG;
				SWIFT_OPTIMIZATION_LEVEL = "-Onone";
			};
			name = Debug;
		};
		429515D829C4A746006DD4B3 /* Release */ = {
			isa = XCBuildConfiguration;
			buildSettings = {
				ALWAYS_SEARCH_USER_PATHS = NO;
				CLANG_ANALYZER_NONNULL = YES;
				CLANG_ANALYZER_NUMBER_OBJECT_CONVERSION = YES_AGGRESSIVE;
				CLANG_CXX_LANGUAGE_STANDARD = "gnu++20";
				CLANG_ENABLE_MODULES = YES;
				CLANG_ENABLE_OBJC_ARC = YES;
				CLANG_ENABLE_OBJC_WEAK = YES;
				CLANG_WARN_BLOCK_CAPTURE_AUTORELEASING = YES;
				CLANG_WARN_BOOL_CONVERSION = YES;
				CLANG_WARN_COMMA = YES;
				CLANG_WARN_CONSTANT_CONVERSION = YES;
				CLANG_WARN_DEPRECATED_OBJC_IMPLEMENTATIONS = YES;
				CLANG_WARN_DIRECT_OBJC_ISA_USAGE = YES_ERROR;
				CLANG_WARN_DOCUMENTATION_COMMENTS = YES;
				CLANG_WARN_EMPTY_BODY = YES;
				CLANG_WARN_ENUM_CONVERSION = YES;
				CLANG_WARN_INFINITE_RECURSION = YES;
				CLANG_WARN_INT_CONVERSION = YES;
				CLANG_WARN_NON_LITERAL_NULL_CONVERSION = YES;
				CLANG_WARN_OBJC_IMPLICIT_RETAIN_SELF = YES;
				CLANG_WARN_OBJC_LITERAL_CONVERSION = YES;
				CLANG_WARN_OBJC_ROOT_CLASS = YES_ERROR;
				CLANG_WARN_QUOTED_INCLUDE_IN_FRAMEWORK_HEADER = YES;
				CLANG_WARN_RANGE_LOOP_ANALYSIS = YES;
				CLANG_WARN_STRICT_PROTOTYPES = YES;
				CLANG_WARN_SUSPICIOUS_MOVE = YES;
				CLANG_WARN_UNGUARDED_AVAILABILITY = YES_AGGRESSIVE;
				CLANG_WARN_UNREACHABLE_CODE = YES;
				CLANG_WARN__DUPLICATE_METHOD_MATCH = YES;
				COPY_PHASE_STRIP = NO;
				DEBUG_INFORMATION_FORMAT = "dwarf-with-dsym";
				ENABLE_NS_ASSERTIONS = NO;
				ENABLE_STRICT_OBJC_MSGSEND = YES;
				GCC_C_LANGUAGE_STANDARD = gnu11;
				GCC_NO_COMMON_BLOCKS = YES;
				GCC_WARN_64_TO_32_BIT_CONVERSION = YES;
				GCC_WARN_ABOUT_RETURN_TYPE = YES_ERROR;
				GCC_WARN_UNDECLARED_SELECTOR = YES;
				GCC_WARN_UNINITIALIZED_AUTOS = YES_AGGRESSIVE;
				GCC_WARN_UNUSED_FUNCTION = YES;
				GCC_WARN_UNUSED_VARIABLE = YES;
				IPHONEOS_DEPLOYMENT_TARGET = 16.2;
				MTL_ENABLE_DEBUG_INFO = NO;
				MTL_FAST_MATH = YES;
				SDKROOT = iphoneos;
				SWIFT_COMPILATION_MODE = wholemodule;
				SWIFT_OPTIMIZATION_LEVEL = "-O";
				VALIDATE_PRODUCT = YES;
			};
			name = Release;
		};
		429515DA29C4A746006DD4B3 /* Debug */ = {
			isa = XCBuildConfiguration;
			buildSettings = {
				ASSETCATALOG_COMPILER_APPICON_NAME = AppIcon;
				ASSETCATALOG_COMPILER_GLOBAL_ACCENT_COLOR_NAME = AccentColor;
				CODE_SIGN_STYLE = Automatic;
				CURRENT_PROJECT_VERSION = 1;
				DEVELOPMENT_ASSET_PATHS = "\"GatherUp/Preview Content\"";
				ENABLE_PREVIEWS = YES;
				GENERATE_INFOPLIST_FILE = YES;
				INFOPLIST_FILE = GatherUp/Info.plist;
				INFOPLIST_KEY_NSLocationWhenInUseUsageDescription = "Your location is required in order to show you on the map";
				INFOPLIST_KEY_UIApplicationSceneManifest_Generation = YES;
				INFOPLIST_KEY_UIApplicationSupportsIndirectInputEvents = YES;
				INFOPLIST_KEY_UILaunchScreen_Generation = YES;
				INFOPLIST_KEY_UISupportedInterfaceOrientations_iPad = "UIInterfaceOrientationPortrait UIInterfaceOrientationPortraitUpsideDown UIInterfaceOrientationLandscapeLeft UIInterfaceOrientationLandscapeRight";
				INFOPLIST_KEY_UISupportedInterfaceOrientations_iPhone = "UIInterfaceOrientationPortrait UIInterfaceOrientationLandscapeLeft UIInterfaceOrientationLandscapeRight";
				LD_RUNPATH_SEARCH_PATHS = (
					"$(inherited)",
					"@executable_path/Frameworks",
				);
				MARKETING_VERSION = 1.0;
				PRODUCT_BUNDLE_IDENTIFIER = com.Mongseal.GatherUp;
				PRODUCT_NAME = "$(TARGET_NAME)";
				SWIFT_EMIT_LOC_STRINGS = YES;
				SWIFT_VERSION = 5.0;
				TARGETED_DEVICE_FAMILY = "1,2";
			};
			name = Debug;
		};
		429515DB29C4A746006DD4B3 /* Release */ = {
			isa = XCBuildConfiguration;
			buildSettings = {
				ASSETCATALOG_COMPILER_APPICON_NAME = AppIcon;
				ASSETCATALOG_COMPILER_GLOBAL_ACCENT_COLOR_NAME = AccentColor;
				CODE_SIGN_STYLE = Automatic;
				CURRENT_PROJECT_VERSION = 1;
				DEVELOPMENT_ASSET_PATHS = "\"GatherUp/Preview Content\"";
				ENABLE_PREVIEWS = YES;
				GENERATE_INFOPLIST_FILE = YES;
				INFOPLIST_FILE = GatherUp/Info.plist;
				INFOPLIST_KEY_NSLocationWhenInUseUsageDescription = "Your location is required in order to show you on the map";
				INFOPLIST_KEY_UIApplicationSceneManifest_Generation = YES;
				INFOPLIST_KEY_UIApplicationSupportsIndirectInputEvents = YES;
				INFOPLIST_KEY_UILaunchScreen_Generation = YES;
				INFOPLIST_KEY_UISupportedInterfaceOrientations_iPad = "UIInterfaceOrientationPortrait UIInterfaceOrientationPortraitUpsideDown UIInterfaceOrientationLandscapeLeft UIInterfaceOrientationLandscapeRight";
				INFOPLIST_KEY_UISupportedInterfaceOrientations_iPhone = "UIInterfaceOrientationPortrait UIInterfaceOrientationLandscapeLeft UIInterfaceOrientationLandscapeRight";
				LD_RUNPATH_SEARCH_PATHS = (
					"$(inherited)",
					"@executable_path/Frameworks",
				);
				MARKETING_VERSION = 1.0;
				PRODUCT_BUNDLE_IDENTIFIER = com.Mongseal.GatherUp;
				PRODUCT_NAME = "$(TARGET_NAME)";
				SWIFT_EMIT_LOC_STRINGS = YES;
				SWIFT_VERSION = 5.0;
				TARGETED_DEVICE_FAMILY = "1,2";
			};
			name = Release;
		};
/* End XCBuildConfiguration section */

/* Begin XCConfigurationList section */
		429515C629C4A744006DD4B3 /* Build configuration list for PBXProject "GatherUp" */ = {
			isa = XCConfigurationList;
			buildConfigurations = (
				429515D729C4A746006DD4B3 /* Debug */,
				429515D829C4A746006DD4B3 /* Release */,
			);
			defaultConfigurationIsVisible = 0;
			defaultConfigurationName = Release;
		};
		429515D929C4A746006DD4B3 /* Build configuration list for PBXNativeTarget "GatherUp" */ = {
			isa = XCConfigurationList;
			buildConfigurations = (
				429515DA29C4A746006DD4B3 /* Debug */,
				429515DB29C4A746006DD4B3 /* Release */,
			);
			defaultConfigurationIsVisible = 0;
			defaultConfigurationName = Release;
		};
/* End XCConfigurationList section */

/* Begin XCRemoteSwiftPackageReference section */
		339A0FF229D3E61E00B4DD98 /* XCRemoteSwiftPackageReference "GoogleSignIn-iOS" */ = {
			isa = XCRemoteSwiftPackageReference;
			repositoryURL = "https://github.com/google/GoogleSignIn-iOS";
			requirement = {
				kind = upToNextMajorVersion;
				minimumVersion = 6.0.0;
			};
		};
		339A0FF729D3E67800B4DD98 /* XCRemoteSwiftPackageReference "firebase-ios-sdk" */ = {
			isa = XCRemoteSwiftPackageReference;
			repositoryURL = "https://github.com/firebase/firebase-ios-sdk";
			requirement = {
				kind = upToNextMajorVersion;
				minimumVersion = 9.0.0;
			};
		};
		339A102429D4098400B4DD98 /* XCRemoteSwiftPackageReference "SDWebImageSwiftUI" */ = {
			isa = XCRemoteSwiftPackageReference;
			repositoryURL = "https://github.com/SDWebImage/SDWebImageSwiftUI";
			requirement = {
				kind = upToNextMajorVersion;
				minimumVersion = 2.0.0;
			};
		};
/* End XCRemoteSwiftPackageReference section */

/* Begin XCSwiftPackageProductDependency section */
		339A0FF329D3E61E00B4DD98 /* GoogleSignIn */ = {
			isa = XCSwiftPackageProductDependency;
			package = 339A0FF229D3E61E00B4DD98 /* XCRemoteSwiftPackageReference "GoogleSignIn-iOS" */;
			productName = GoogleSignIn;
		};
		339A0FF529D3E61E00B4DD98 /* GoogleSignInSwift */ = {
			isa = XCSwiftPackageProductDependency;
			package = 339A0FF229D3E61E00B4DD98 /* XCRemoteSwiftPackageReference "GoogleSignIn-iOS" */;
			productName = GoogleSignInSwift;
		};
		339A0FF829D3E67800B4DD98 /* FirebaseAuth */ = {
			isa = XCSwiftPackageProductDependency;
			package = 339A0FF729D3E67800B4DD98 /* XCRemoteSwiftPackageReference "firebase-ios-sdk" */;
			productName = FirebaseAuth;
		};
		339A0FFA29D3E67800B4DD98 /* FirebaseFirestore */ = {
			isa = XCSwiftPackageProductDependency;
			package = 339A0FF729D3E67800B4DD98 /* XCRemoteSwiftPackageReference "firebase-ios-sdk" */;
			productName = FirebaseFirestore;
		};
		339A0FFC29D3E67800B4DD98 /* FirebaseFirestoreSwift */ = {
			isa = XCSwiftPackageProductDependency;
			package = 339A0FF729D3E67800B4DD98 /* XCRemoteSwiftPackageReference "firebase-ios-sdk" */;
			productName = FirebaseFirestoreSwift;
		};
		339A0FFE29D3E67800B4DD98 /* FirebaseStorage */ = {
			isa = XCSwiftPackageProductDependency;
			package = 339A0FF729D3E67800B4DD98 /* XCRemoteSwiftPackageReference "firebase-ios-sdk" */;
			productName = FirebaseStorage;
		};
		339A102529D4098400B4DD98 /* SDWebImageSwiftUI */ = {
			isa = XCSwiftPackageProductDependency;
			package = 339A102429D4098400B4DD98 /* XCRemoteSwiftPackageReference "SDWebImageSwiftUI" */;
			productName = SDWebImageSwiftUI;
		};
/* End XCSwiftPackageProductDependency section */
	};
	rootObject = 429515C329C4A744006DD4B3 /* Project object */;
}
